
Microsoft Visual Studio Solution File, Format Version 12.00
# Visual Studio Version 17
VisualStudioVersion = 17.14.36301.6 d17.14
MinimumVisualStudioVersion = 10.0.40219.1
Project("{FAE04EC0-301F-11D3-BF4B-00C04F79EFBC}") = "Prog12", "Prog12\Prog12.csproj", "{D4138148-C4F2-4308-8209-E6C12C580A0C}"
EndProject
Global
	GlobalSection(SolutionConfigurationPlatforms) = preSolution
		Debug|Any CPU = Debug|Any CPU
		Release|Any CPU = Release|Any CPU
	EndGlobalSection
	GlobalSection(ProjectConfigurationPlatforms) = postSolution
		{D4138148-C4F2-4308-8209-E6C12C580A0C}.Debug|Any CPU.ActiveCfg = Debug|Any CPU
		{D4138148-C4F2-4308-8209-E6C12C580A0C}.Debug|Any CPU.Build.0 = Debug|Any CPU
		{D4138148-C4F2-4308-8209-E6C12C580A0C}.Release|Any CPU.ActiveCfg = Release|Any CPU
		{D4138148-C4F2-4308-8209-E6C12C580A0C}.Release|Any CPU.Build.0 = Release|Any CPU
	EndGlobalSection
	GlobalSection(SolutionProperties) = preSolution
		HideSolutionNode = FALSE
	EndGlobalSection
	GlobalSection(ExtensibilityGlobals) = postSolution
		SolutionGuid = {D4D705E4-98E8-463F-AB7F-7A2C9F648ECD}
	EndGlobalSection
EndGlobal
