
Microsoft Visual Studio Solution File, Format Version 12.00
# Visual Studio Version 17
VisualStudioVersion = 17.14.36301.6 d17.14
MinimumVisualStudioVersion = 10.0.40219.1
Project("{FAE04EC0-301F-11D3-BF4B-00C04F79EFBC}") = "Prog09", "Prog09\Prog09.csproj", "{93DAFB26-D225-4C05-8748-495E296D6735}"
EndProject
Global
	GlobalSection(SolutionConfigurationPlatforms) = preSolution
		Debug|Any CPU = Debug|Any CPU
		Release|Any CPU = Release|Any CPU
	EndGlobalSection
	GlobalSection(ProjectConfigurationPlatforms) = postSolution
		{93DAFB26-D225-4C05-8748-495E296D6735}.Debug|Any CPU.ActiveCfg = Debug|Any CPU
		{93DAFB26-D225-4C05-8748-495E296D6735}.Debug|Any CPU.Build.0 = Debug|Any CPU
		{93DAFB26-D225-4C05-8748-495E296D6735}.Release|Any CPU.ActiveCfg = Release|Any CPU
		{93DAFB26-D225-4C05-8748-495E296D6735}.Release|Any CPU.Build.0 = Release|Any CPU
	EndGlobalSection
	GlobalSection(SolutionProperties) = preSolution
		HideSolutionNode = FALSE
	EndGlobalSection
	GlobalSection(ExtensibilityGlobals) = postSolution
		SolutionGuid = {60CA30A0-1498-40C3-B6F4-8315DADAE8A4}
	EndGlobalSection
EndGlobal
