
Microsoft Visual Studio Solution File, Format Version 12.00
# Visual Studio Version 17
VisualStudioVersion = 17.14.36301.6 d17.14
MinimumVisualStudioVersion = 10.0.40219.1
Project("{FAE04EC0-301F-11D3-BF4B-00C04F79EFBC}") = "Portfolio", "Portfolio\Portfolio.csproj", "{76EA4E7C-BF8A-459E-89C1-10487EF746E2}"
EndProject
Global
	GlobalSection(SolutionConfigurationPlatforms) = preSolution
		Debug|Any CPU = Debug|Any CPU
		Release|Any CPU = Release|Any CPU
	EndGlobalSection
	GlobalSection(ProjectConfigurationPlatforms) = postSolution
		{76EA4E7C-BF8A-459E-89C1-10487EF746E2}.Debug|Any CPU.ActiveCfg = Debug|Any CPU
		{76EA4E7C-BF8A-459E-89C1-10487EF746E2}.Debug|Any CPU.Build.0 = Debug|Any CPU
		{76EA4E7C-BF8A-459E-89C1-10487EF746E2}.Release|Any CPU.ActiveCfg = Release|Any CPU
		{76EA4E7C-BF8A-459E-89C1-10487EF746E2}.Release|Any CPU.Build.0 = Release|Any CPU
	EndGlobalSection
	GlobalSection(SolutionProperties) = preSolution
		HideSolutionNode = FALSE
	EndGlobalSection
	GlobalSection(ExtensibilityGlobals) = postSolution
		SolutionGuid = {3468C824-1394-439F-8AF5-F7A6D63B2D7E}
	EndGlobalSection
EndGlobal
