
Microsoft Visual Studio Solution File, Format Version 12.00
# Visual Studio Version 17
VisualStudioVersion = 17.14.36301.6 d17.14
MinimumVisualStudioVersion = 10.0.40219.1
Project("{FAE04EC0-301F-11D3-BF4B-00C04F79EFBC}") = "Prog10", "Prog10\Prog10.csproj", "{1D4CDE87-401B-4BBE-BB31-74E1B1296C52}"
EndProject
Global
	GlobalSection(SolutionConfigurationPlatforms) = preSolution
		Debug|Any CPU = Debug|Any CPU
		Release|Any CPU = Release|Any CPU
	EndGlobalSection
	GlobalSection(ProjectConfigurationPlatforms) = postSolution
		{1D4CDE87-401B-4BBE-BB31-74E1B1296C52}.Debug|Any CPU.ActiveCfg = Debug|Any CPU
		{1D4CDE87-401B-4BBE-BB31-74E1B1296C52}.Debug|Any CPU.Build.0 = Debug|Any CPU
		{1D4CDE87-401B-4BBE-BB31-74E1B1296C52}.Release|Any CPU.ActiveCfg = Release|Any CPU
		{1D4CDE87-401B-4BBE-BB31-74E1B1296C52}.Release|Any CPU.Build.0 = Release|Any CPU
	EndGlobalSection
	GlobalSection(SolutionProperties) = preSolution
		HideSolutionNode = FALSE
	EndGlobalSection
	GlobalSection(ExtensibilityGlobals) = postSolution
		SolutionGuid = {699A0A78-4D94-4A2E-B320-6A9F12001DC2}
	EndGlobalSection
EndGlobal
