
Microsoft Visual Studio Solution File, Format Version 12.00
# Visual Studio Version 17
VisualStudioVersion = 17.14.36301.6 d17.14
MinimumVisualStudioVersion = 10.0.40219.1
Project("{FAE04EC0-301F-11D3-BF4B-00C04F79EFBC}") = "clancymendonca", "clancymendonca\clancymendonca.csproj", "{17B05A7C-5C56-42AA-8C60-CD566D77D091}"
EndProject
Global
	GlobalSection(SolutionConfigurationPlatforms) = preSolution
		Debug|Any CPU = Debug|Any CPU
		Release|Any CPU = Release|Any CPU
	EndGlobalSection
	GlobalSection(ProjectConfigurationPlatforms) = postSolution
		{17B05A7C-5C56-42AA-8C60-CD566D77D091}.Debug|Any CPU.ActiveCfg = Debug|Any CPU
		{17B05A7C-5C56-42AA-8C60-CD566D77D091}.Debug|Any CPU.Build.0 = Debug|Any CPU
		{17B05A7C-5C56-42AA-8C60-CD566D77D091}.Release|Any CPU.ActiveCfg = Release|Any CPU
		{17B05A7C-5C56-42AA-8C60-CD566D77D091}.Release|Any CPU.Build.0 = Release|Any CPU
	EndGlobalSection
	GlobalSection(SolutionProperties) = preSolution
		HideSolutionNode = FALSE
	EndGlobalSection
	GlobalSection(ExtensibilityGlobals) = postSolution
		SolutionGuid = {9012A086-64B3-4D19-B133-D414AE683925}
	EndGlobalSection
EndGlobal
