
Microsoft Visual Studio Solution File, Format Version 12.00
# Visual Studio Version 17
VisualStudioVersion = 17.14.36301.6 d17.14
MinimumVisualStudioVersion = 10.0.40219.1
Project("{FAE04EC0-301F-11D3-BF4B-00C04F79EFBC}") = "Prog10", "Prog10\Prog10.csproj", "{341A13EA-7B7B-4225-9044-E00DC34248B0}"
EndProject
Global
	GlobalSection(SolutionConfigurationPlatforms) = preSolution
		Debug|Any CPU = Debug|Any CPU
		Release|Any CPU = Release|Any CPU
	EndGlobalSection
	GlobalSection(ProjectConfigurationPlatforms) = postSolution
		{341A13EA-7B7B-4225-9044-E00DC34248B0}.Debug|Any CPU.ActiveCfg = Debug|Any CPU
		{341A13EA-7B7B-4225-9044-E00DC34248B0}.Debug|Any CPU.Build.0 = Debug|Any CPU
		{341A13EA-7B7B-4225-9044-E00DC34248B0}.Release|Any CPU.ActiveCfg = Release|Any CPU
		{341A13EA-7B7B-4225-9044-E00DC34248B0}.Release|Any CPU.Build.0 = Release|Any CPU
	EndGlobalSection
	GlobalSection(SolutionProperties) = preSolution
		HideSolutionNode = FALSE
	EndGlobalSection
	GlobalSection(ExtensibilityGlobals) = postSolution
		SolutionGuid = {359F12E2-0F7C-4906-9398-493799D0A53E}
	EndGlobalSection
EndGlobal
