
Microsoft Visual Studio Solution File, Format Version 12.00
# Visual Studio Version 17
VisualStudioVersion = 17.14.36301.6 d17.14
MinimumVisualStudioVersion = 10.0.40219.1
Project("{FAE04EC0-301F-11D3-BF4B-00C04F79EFBC}") = "Prog12", "Prog12\Prog12.csproj", "{9929FC5F-0F72-418F-80A4-432BE34D60D9}"
EndProject
Global
	GlobalSection(SolutionConfigurationPlatforms) = preSolution
		Debug|Any CPU = Debug|Any CPU
		Release|Any CPU = Release|Any CPU
	EndGlobalSection
	GlobalSection(ProjectConfigurationPlatforms) = postSolution
		{9929FC5F-0F72-418F-80A4-432BE34D60D9}.Debug|Any CPU.ActiveCfg = Debug|Any CPU
		{9929FC5F-0F72-418F-80A4-432BE34D60D9}.Debug|Any CPU.Build.0 = Debug|Any CPU
		{9929FC5F-0F72-418F-80A4-432BE34D60D9}.Release|Any CPU.ActiveCfg = Release|Any CPU
		{9929FC5F-0F72-418F-80A4-432BE34D60D9}.Release|Any CPU.Build.0 = Release|Any CPU
	EndGlobalSection
	GlobalSection(SolutionProperties) = preSolution
		HideSolutionNode = FALSE
	EndGlobalSection
	GlobalSection(ExtensibilityGlobals) = postSolution
		SolutionGuid = {D5E3AFEB-99C4-48E2-AFCB-2555F3018BFC}
	EndGlobalSection
EndGlobal
