
Microsoft Visual Studio Solution File, Format Version 12.00
# Visual Studio Version 17
VisualStudioVersion = 17.14.36301.6 d17.14
MinimumVisualStudioVersion = 10.0.40219.1
Project("{FAE04EC0-301F-11D3-BF4B-00C04F79EFBC}") = "Prog02", "Prog02\Prog02.csproj", "{1DCB9C06-6779-4267-BCF2-317FDBD4DE54}"
EndProject
Global
	GlobalSection(SolutionConfigurationPlatforms) = preSolution
		Debug|Any CPU = Debug|Any CPU
		Release|Any CPU = Release|Any CPU
	EndGlobalSection
	GlobalSection(ProjectConfigurationPlatforms) = postSolution
		{1DCB9C06-6779-4267-BCF2-317FDBD4DE54}.Debug|Any CPU.ActiveCfg = Debug|Any CPU
		{1DCB9C06-6779-4267-BCF2-317FDBD4DE54}.Debug|Any CPU.Build.0 = Debug|Any CPU
		{1DCB9C06-6779-4267-BCF2-317FDBD4DE54}.Release|Any CPU.ActiveCfg = Release|Any CPU
		{1DCB9C06-6779-4267-BCF2-317FDBD4DE54}.Release|Any CPU.Build.0 = Release|Any CPU
	EndGlobalSection
	GlobalSection(SolutionProperties) = preSolution
		HideSolutionNode = FALSE
	EndGlobalSection
	GlobalSection(ExtensibilityGlobals) = postSolution
		SolutionGuid = {0622C6D2-D60D-4213-8C59-651D2C8171AC}
	EndGlobalSection
EndGlobal
